{
  "name": "ts-map-demo",
  "version": "1.0.0",
  "lockfileVersion": 1,
  "requires": true,
  "dependencies": {
    "@types/baidumap-web-sdk": {
      "version": "0.0.6",
      "resolved": "https://registry.nlark.com/@types/baidumap-web-sdk/download/@types/baidumap-web-sdk-0.0.6.tgz",
      "integrity": "sha1-TBT2AHMnHjuVjP+jMHgV4Cn8BVk="
    },
    "@types/faker": {
      "version": "5.5.9",
      "resolved": "https://registry.npmmirror.com/@types/faker/download/@types/faker-5.5.9.tgz",
      "integrity": "sha1-WI7ekhhtxVe/+DQdKUM11Q0lXww="
    },
    "faker": {
      "version": "5.5.3",
      "resolved": "https://registry.nlark.com/faker/download/faker-5.5.3.tgz",
      "integrity": "sha1-xXl07khEMbJSBcLI3An9qGHlHg4="
    },
    "typescript": {
      "version": "4.5.2",
      "resolved": "https://registry.npmmirror.com/typescript/download/typescript-4.5.2.tgz",
      "integrity": "sha512-5BlMof9H1yGt0P8/WF+wPNw6GfctgGjXp5hkblpyT+8rkASSmkUKMXrxR0Xg8ThVCi/JnHQiKXeBaEwCeQwMFw==",
      "dev": true
    }
  }
}
